
Microsoft Visual Studio Solution File, Format Version 12.00
# Visual Studio Version 17
VisualStudioVersion = 17.5.002.0
MinimumVisualStudioVersion = 10.0.40219.1
Project("{9A19103F-16F7-4668-BE54-9A1E7A4F7556}") = "DesafioProjetoHospedagem", "DesafioProjetoHospedagem.csproj", "{AA60E1B5-CA06-487D-8AFB-709A90DFAAAB}"
EndProject
Global
	GlobalSection(SolutionConfigurationPlatforms) = preSolution
		Debug|Any CPU = Debug|Any CPU
		Release|Any CPU = Release|Any CPU
	EndGlobalSection
	GlobalSection(ProjectConfigurationPlatforms) = postSolution
		{AA60E1B5-CA06-487D-8AFB-709A90DFAAAB}.Debug|Any CPU.ActiveCfg = Debug|Any CPU
		{AA60E1B5-CA06-487D-8AFB-709A90DFAAAB}.Debug|Any CPU.Build.0 = Debug|Any CPU
		{AA60E1B5-CA06-487D-8AFB-709A90DFAAAB}.Release|Any CPU.ActiveCfg = Release|Any CPU
		{AA60E1B5-CA06-487D-8AFB-709A90DFAAAB}.Release|Any CPU.Build.0 = Release|Any CPU
	EndGlobalSection
	GlobalSection(SolutionProperties) = preSolution
		HideSolutionNode = FALSE
	EndGlobalSection
	GlobalSection(ExtensibilityGlobals) = postSolution
		SolutionGuid = {CCF7D7E0-CDD5-462A-BBDB-7AFE8A646AF9}
	EndGlobalSection
EndGlobal
